
Microsoft Visual Studio Solution File, Format Version 12.00
Project("{FAE04EC0-301F-11D3-BF4B-00C04F79EFBC}") = "src", "src\src.csproj", "{B84F6292-E4F9-4E18-8265-B9B33A1AAE9C}"
EndProject
Project("{FAE04EC0-301F-11D3-BF4B-00C04F79EFBC}") = "tests", "tests\tests.csproj", "{C04A1222-7608-4D42-81C6-FFA52A089298}"
EndProject
Global
	GlobalSection(SolutionConfigurationPlatforms) = preSolution
		Debug|Any CPU = Debug|Any CPU
		Release|Any CPU = Release|Any CPU
	EndGlobalSection
	GlobalSection(ProjectConfigurationPlatforms) = postSolution
		{B84F6292-E4F9-4E18-8265-B9B33A1AAE9C}.Debug|Any CPU.ActiveCfg = Debug|Any CPU
		{B84F6292-E4F9-4E18-8265-B9B33A1AAE9C}.Debug|Any CPU.Build.0 = Debug|Any CPU
		{B84F6292-E4F9-4E18-8265-B9B33A1AAE9C}.Release|Any CPU.ActiveCfg = Release|Any CPU
		{B84F6292-E4F9-4E18-8265-B9B33A1AAE9C}.Release|Any CPU.Build.0 = Release|Any CPU
		{C04A1222-7608-4D42-81C6-FFA52A089298}.Debug|Any CPU.ActiveCfg = Debug|Any CPU
		{C04A1222-7608-4D42-81C6-FFA52A089298}.Debug|Any CPU.Build.0 = Debug|Any CPU
		{C04A1222-7608-4D42-81C6-FFA52A089298}.Release|Any CPU.ActiveCfg = Release|Any CPU
		{C04A1222-7608-4D42-81C6-FFA52A089298}.Release|Any CPU.Build.0 = Release|Any CPU
	EndGlobalSection
EndGlobal
